// !$*UTF8*$!
{
	archiveVersion = 1;
	classes = {
	};
	objectVersion = 46;
	objects = {

/* Begin PBXBuildFile section */
		D61A4B831E5B2A6A00F135FB /* jsonHelper.swift in Sources */ = {isa = PBXBuildFile; fileRef = D61A4B821E5B2A6A00F135FB /* jsonHelper.swift */; };
		D61A4BA91E5F028300F135FB /* MyCustomTableViewCell.swift in Sources */ = {isa = PBXBuildFile; fileRef = D61A4BA81E5F028300F135FB /* MyCustomTableViewCell.swift */; };
		D6680F521E59B53D00F24FDB /* AppDelegate.swift in Sources */ = {isa = PBXBuildFile; fileRef = D6680F511E59B53D00F24FDB /* AppDelegate.swift */; };
		D6680F541E59B53D00F24FDB /* ViewController.swift in Sources */ = {isa = PBXBuildFile; fileRef = D6680F531E59B53D00F24FDB /* ViewController.swift */; };
		D6680F571E59B53D00F24FDB /* Main.storyboard in Resources */ = {isa = PBXBuildFile; fileRef = D6680F551E59B53D00F24FDB /* Main.storyboard */; };
		D6680F591E59B53D00F24FDB /* Assets.xcassets in Resources */ = {isa = PBXBuildFile; fileRef = D6680F581E59B53D00F24FDB /* Assets.xcassets */; };
		D6680F5C1E59B53D00F24FDB /* LaunchScreen.storyboard in Resources */ = {isa = PBXBuildFile; fileRef = D6680F5A1E59B53D00F24FDB /* LaunchScreen.storyboard */; };
		D6680F641E59CE3800F24FDB /* TableViewController.swift in Sources */ = {isa = PBXBuildFile; fileRef = D6680F631E59CE3800F24FDB /* TableViewController.swift */; };
		D6680F661E59D4E300F24FDB /* ResultViewController.swift in Sources */ = {isa = PBXBuildFile; fileRef = D6680F651E59D4E300F24FDB /* ResultViewController.swift */; };
		D6B6A12A1E6486DF009D7323 /* AnimationUiViewController.swift in Sources */ = {isa = PBXBuildFile; fileRef = D6B6A1291E6486DF009D7323 /* AnimationUiViewController.swift */; };
/* End PBXBuildFile section */

/* Begin PBXFileReference section */
		D61A4B821E5B2A6A00F135FB /* jsonHelper.swift */ = {isa = PBXFileReference; fileEncoding = 4; lastKnownFileType = sourcecode.swift; path = jsonHelper.swift; sourceTree = "<group>"; };
		D61A4BA81E5F028300F135FB /* MyCustomTableViewCell.swift */ = {isa = PBXFileReference; fileEncoding = 4; lastKnownFileType = sourcecode.swift; path = MyCustomTableViewCell.swift; sourceTree = "<group>"; };
		D6680F4E1E59B53D00F24FDB /* SwiftLabb1.app */ = {isa = PBXFileReference; explicitFileType = wrapper.application; includeInIndex = 0; path = SwiftLabb1.app; sourceTree = BUILT_PRODUCTS_DIR; };
		D6680F511E59B53D00F24FDB /* AppDelegate.swift */ = {isa = PBXFileReference; lastKnownFileType = sourcecode.swift; path = AppDelegate.swift; sourceTree = "<group>"; };
		D6680F531E59B53D00F24FDB /* ViewController.swift */ = {isa = PBXFileReference; lastKnownFileType = sourcecode.swift; path = ViewController.swift; sourceTree = "<group>"; };
		D6680F561E59B53D00F24FDB /* Base */ = {isa = PBXFileReference; lastKnownFileType = file.storyboard; name = Base; path = Base.lproj/Main.storyboard; sourceTree = "<group>"; };
		D6680F581E59B53D00F24FDB /* Assets.xcassets */ = {isa = PBXFileReference; lastKnownFileType = folder.assetcatalog; path = Assets.xcassets; sourceTree = "<group>"; };
		D6680F5B1E59B53D00F24FDB /* Base */ = {isa = PBXFileReference; lastKnownFileType = file.storyboard; name = Base; path = Base.lproj/LaunchScreen.storyboard; sourceTree = "<group>"; };
		D6680F5D1E59B53D00F24FDB /* Info.plist */ = {isa = PBXFileReference; lastKnownFileType = text.plist.xml; path = Info.plist; sourceTree = "<group>"; };
		D6680F631E59CE3800F24FDB /* TableViewController.swift */ = {isa = PBXFileReference; fileEncoding = 4; lastKnownFileType = sourcecode.swift; path = TableViewController.swift; sourceTree = "<group>"; };
		D6680F651E59D4E300F24FDB /* ResultViewController.swift */ = {isa = PBXFileReference; fileEncoding = 4; lastKnownFileType = sourcecode.swift; path = ResultViewController.swift; sourceTree = "<group>"; };
		D6B6A1291E6486DF009D7323 /* AnimationUiViewController.swift */ = {isa = PBXFileReference; fileEncoding = 4; lastKnownFileType = sourcecode.swift; path = AnimationUiViewController.swift; sourceTree = "<group>"; };
/* End PBXFileReference section */

/* Begin PBXFrameworksBuildPhase section */
		D6680F4B1E59B53D00F24FDB /* Frameworks */ = {
			isa = PBXFrameworksBuildPhase;
			buildActionMask = 2147483647;
			files = (
			);
			runOnlyForDeploymentPostprocessing = 0;
		};
/* End PBXFrameworksBuildPhase section */

/* Begin PBXGroup section */
		D6680F451E59B53D00F24FDB = {
			isa = PBXGroup;
			children = (
				D6680F501E59B53D00F24FDB /* SwiftLabb1 */,
				D6680F4F1E59B53D00F24FDB /* Products */,
			);
			sourceTree = "<group>";
		};
		D6680F4F1E59B53D00F24FDB /* Products */ = {
			isa = PBXGroup;
			children = (
				D6680F4E1E59B53D00F24FDB /* SwiftLabb1.app */,
			);
			name = Products;
			sourceTree = "<group>";
		};
		D6680F501E59B53D00F24FDB /* SwiftLabb1 */ = {
			isa = PBXGroup;
			children = (
				D6680F671E59DDE200F24FDB /* SupportFiles' */,
				D6680F531E59B53D00F24FDB /* ViewController.swift */,
				D6680F551E59B53D00F24FDB /* Main.storyboard */,
				D6680F631E59CE3800F24FDB /* TableViewController.swift */,
				D6680F651E59D4E300F24FDB /* ResultViewController.swift */,
				D61A4B821E5B2A6A00F135FB /* jsonHelper.swift */,
				D61A4BA81E5F028300F135FB /* MyCustomTableViewCell.swift */,
				D6B6A1291E6486DF009D7323 /* AnimationUiViewController.swift */,
			);
			path = SwiftLabb1;
			sourceTree = "<group>";
		};
		D6680F671E59DDE200F24FDB /* SupportFiles' */ = {
			isa = PBXGroup;
			children = (
				D6680F511E59B53D00F24FDB /* AppDelegate.swift */,
				D6680F581E59B53D00F24FDB /* Assets.xcassets */,
				D6680F5A1E59B53D00F24FDB /* LaunchScreen.storyboard */,
				D6680F5D1E59B53D00F24FDB /* Info.plist */,
			);
			name = "SupportFiles'";
			sourceTree = "<group>";
		};
/* End PBXGroup section */

/* Begin PBXNativeTarget section */
		D6680F4D1E59B53D00F24FDB /* SwiftLabb1 */ = {
			isa = PBXNativeTarget;
			buildConfigurationList = D6680F601E59B53D00F24FDB /* Build configuration list for PBXNativeTarget "SwiftLabb1" */;
			buildPhases = (
				D6680F4A1E59B53D00F24FDB /* Sources */,
				D6680F4B1E59B53D00F24FDB /* Frameworks */,
				D6680F4C1E59B53D00F24FDB /* Resources */,
			);
			buildRules = (
			);
			dependencies = (
			);
			name = SwiftLabb1;
			productName = SwiftLabb1;
			productReference = D6680F4E1E59B53D00F24FDB /* SwiftLabb1.app */;
			productType = "com.apple.product-type.application";
		};
/* End PBXNativeTarget section */

/* Begin PBXProject section */
		D6680F461E59B53D00F24FDB /* Project object */ = {
			isa = PBXProject;
			attributes = {
				LastSwiftUpdateCheck = 0820;
				LastUpgradeCheck = 0820;
				ORGANIZATIONNAME = "Jakob Haglöf";
				TargetAttributes = {
					D6680F4D1E59B53D00F24FDB = {
						CreatedOnToolsVersion = 8.2.1;
						ProvisioningStyle = Automatic;
					};
				};
			};
			buildConfigurationList = D6680F491E59B53D00F24FDB /* Build configuration list for PBXProject "SwiftLabb1" */;
			compatibilityVersion = "Xcode 3.2";
			developmentRegion = English;
			hasScannedForEncodings = 0;
			knownRegions = (
				en,
				Base,
			);
			mainGroup = D6680F451E59B53D00F24FDB;
			productRefGroup = D6680F4F1E59B53D00F24FDB /* Products */;
			projectDirPath = "";
			projectRoot = "";
			targets = (
				D6680F4D1E59B53D00F24FDB /* SwiftLabb1 */,
			);
		};
/* End PBXProject section */

/* Begin PBXResourcesBuildPhase section */
		D6680F4C1E59B53D00F24FDB /* Resources */ = {
			isa = PBXResourcesBuildPhase;
			buildActionMask = 2147483647;
			files = (
				D6680F5C1E59B53D00F24FDB /* LaunchScreen.storyboard in Resources */,
				D6680F591E59B53D00F24FDB /* Assets.xcassets in Resources */,
				D6680F571E59B53D00F24FDB /* Main.storyboard in Resources */,
			);
			runOnlyForDeploymentPostprocessing = 0;
		};
/* End PBXResourcesBuildPhase section */

/* Begin PBXSourcesBuildPhase section */
		D6680F4A1E59B53D00F24FDB /* Sources */ = {
			isa = PBXSourcesBuildPhase;
			buildActionMask = 2147483647;
			files = (
				D6B6A12A1E6486DF009D7323 /* AnimationUiViewController.swift in Sources */,
				D61A4B831E5B2A6A00F135FB /* jsonHelper.swift in Sources */,
				D6680F541E59B53D00F24FDB /* ViewController.swift in Sources */,
				D61A4BA91E5F028300F135FB /* MyCustomTableViewCell.swift in Sources */,
				D6680F641E59CE3800F24FDB /* TableViewController.swift in Sources */,
				D6680F521E59B53D00F24FDB /* AppDelegate.swift in Sources */,
				D6680F661E59D4E300F24FDB /* ResultViewController.swift in Sources */,
			);
			runOnlyForDeploymentPostprocessing = 0;
		};
/* End PBXSourcesBuildPhase section */

/* Begin PBXVariantGroup section */
		D6680F551E59B53D00F24FDB /* Main.storyboard */ = {
			isa = PBXVariantGroup;
			children = (
				D6680F561E59B53D00F24FDB /* Base */,
			);
			name = Main.storyboard;
			sourceTree = "<group>";
		};
		D6680F5A1E59B53D00F24FDB /* LaunchScreen.storyboard */ = {
			isa = PBXVariantGroup;
			children = (
				D6680F5B1E59B53D00F24FDB /* Base */,
			);
			name = LaunchScreen.storyboard;
			sourceTree = "<group>";
		};
/* End PBXVariantGroup section */

/* Begin XCBuildConfiguration section */
		D6680F5E1E59B53D00F24FDB /* Debug */ = {
			isa = XCBuildConfiguration;
			buildSettings = {
				ALWAYS_SEARCH_USER_PATHS = NO;
				CLANG_ANALYZER_NONNULL = YES;
				CLANG_CXX_LANGUAGE_STANDARD = "gnu++0x";
				CLANG_CXX_LIBRARY = "libc++";
				CLANG_ENABLE_MODULES = YES;
				CLANG_ENABLE_OBJC_ARC = YES;
				CLANG_WARN_BOOL_CONVERSION = YES;
				CLANG_WARN_CONSTANT_CONVERSION = YES;
				CLANG_WARN_DIRECT_OBJC_ISA_USAGE = YES_ERROR;
				CLANG_WARN_DOCUMENTATION_COMMENTS = YES;
				CLANG_WARN_EMPTY_BODY = YES;
				CLANG_WARN_ENUM_CONVERSION = YES;
				CLANG_WARN_INFINITE_RECURSION = YES;
				CLANG_WARN_INT_CONVERSION = YES;
				CLANG_WARN_OBJC_ROOT_CLASS = YES_ERROR;
				CLANG_WARN_SUSPICIOUS_MOVE = YES;
				CLANG_WARN_UNREACHABLE_CODE = YES;
				CLANG_WARN__DUPLICATE_METHOD_MATCH = YES;
				"CODE_SIGN_IDENTITY[sdk=iphoneos*]" = "iPhone Developer";
				COPY_PHASE_STRIP = NO;
				DEBUG_INFORMATION_FORMAT = dwarf;
				ENABLE_STRICT_OBJC_MSGSEND = YES;
				ENABLE_TESTABILITY = YES;
				GCC_C_LANGUAGE_STANDARD = gnu99;
				GCC_DYNAMIC_NO_PIC = NO;
				GCC_NO_COMMON_BLOCKS = YES;
				GCC_OPTIMIZATION_LEVEL = 0;
				GCC_PREPROCESSOR_DEFINITIONS = (
					"DEBUG=1",
					"$(inherited)",
				);
				GCC_WARN_64_TO_32_BIT_CONVERSION = YES;
				GCC_WARN_ABOUT_RETURN_TYPE = YES_ERROR;
				GCC_WARN_UNDECLARED_SELECTOR = YES;
				GCC_WARN_UNINITIALIZED_AUTOS = YES_AGGRESSIVE;
				GCC_WARN_UNUSED_FUNCTION = YES;
				GCC_WARN_UNUSED_VARIABLE = YES;
				IPHONEOS_DEPLOYMENT_TARGET = 10.2;
				MTL_ENABLE_DEBUG_INFO = YES;
				ONLY_ACTIVE_ARCH = YES;
				SDKROOT = iphoneos;
				SWIFT_ACTIVE_COMPILATION_CONDITIONS = DEBUG;
				SWIFT_OPTIMIZATION_LEVEL = "-Onone";
				TARGETED_DEVICE_FAMILY = "1,2";
			};
			name = Debug;
		};
		D6680F5F1E59B53D00F24FDB /* Release */ = {
			isa = XCBuildConfiguration;
			buildSettings = {
				ALWAYS_SEARCH_USER_PATHS = NO;
				CLANG_ANALYZER_NONNULL = YES;
				CLANG_CXX_LANGUAGE_STANDARD = "gnu++0x";
				CLANG_CXX_LIBRARY = "libc++";
				CLANG_ENABLE_MODULES = YES;
				CLANG_ENABLE_OBJC_ARC = YES;
				CLANG_WARN_BOOL_CONVERSION = YES;
				CLANG_WARN_CONSTANT_CONVERSION = YES;
				CLANG_WARN_DIRECT_OBJC_ISA_USAGE = YES_ERROR;
				CLANG_WARN_DOCUMENTATION_COMMENTS = YES;
				CLANG_WARN_EMPTY_BODY = YES;
				CLANG_WARN_ENUM_CONVERSION = YES;
				CLANG_WARN_INFINITE_RECURSION = YES;
				CLANG_WARN_INT_CONVERSION = YES;
				CLANG_WARN_OBJC_ROOT_CLASS = YES_ERROR;
				CLANG_WARN_SUSPICIOUS_MOVE = YES;
				CLANG_WARN_UNREACHABLE_CODE = YES;
				CLANG_WARN__DUPLICATE_METHOD_MATCH = YES;
				"CODE_SIGN_IDENTITY[sdk=iphoneos*]" = "iPhone Developer";
				COPY_PHASE_STRIP = NO;
				DEBUG_INFORMATION_FORMAT = "dwarf-with-dsym";
				ENABLE_NS_ASSERTIONS = NO;
				ENABLE_STRICT_OBJC_MSGSEND = YES;
				GCC_C_LANGUAGE_STANDARD = gnu99;
				GCC_NO_COMMON_BLOCKS = YES;
				GCC_WARN_64_TO_32_BIT_CONVERSION = YES;
				GCC_WARN_ABOUT_RETURN_TYPE = YES_ERROR;
				GCC_WARN_UNDECLARED_SELECTOR = YES;
				GCC_WARN_UNINITIALIZED_AUTOS = YES_AGGRESSIVE;
				GCC_WARN_UNUSED_FUNCTION = YES;
				GCC_WARN_UNUSED_VARIABLE = YES;
				IPHONEOS_DEPLOYMENT_TARGET = 10.2;
				MTL_ENABLE_DEBUG_INFO = NO;
				SDKROOT = iphoneos;
				SWIFT_OPTIMIZATION_LEVEL = "-Owholemodule";
				TARGETED_DEVICE_FAMILY = "1,2";
				VALIDATE_PRODUCT = YES;
			};
			name = Release;
		};
		D6680F611E59B53D00F24FDB /* Debug */ = {
			isa = XCBuildConfiguration;
			buildSettings = {
				ASSETCATALOG_COMPILER_APPICON_NAME = AppIcon;
				INFOPLIST_FILE = SwiftLabb1/Info.plist;
				LD_RUNPATH_SEARCH_PATHS = "$(inherited) @executable_path/Frameworks";
				PRODUCT_BUNDLE_IDENTIFIER = J.H.SwiftLabb1;
				PRODUCT_NAME = "$(TARGET_NAME)";
				SWIFT_VERSION = 3.0;
			};
			name = Debug;
		};
		D6680F621E59B53D00F24FDB /* Release */ = {
			isa = XCBuildConfiguration;
			buildSettings = {
				ASSETCATALOG_COMPILER_APPICON_NAME = AppIcon;
				INFOPLIST_FILE = SwiftLabb1/Info.plist;
				LD_RUNPATH_SEARCH_PATHS = "$(inherited) @executable_path/Frameworks";
				PRODUCT_BUNDLE_IDENTIFIER = J.H.SwiftLabb1;
				PRODUCT_NAME = "$(TARGET_NAME)";
				SWIFT_VERSION = 3.0;
			};
			name = Release;
		};
/* End XCBuildConfiguration section */

/* Begin XCConfigurationList section */
		D6680F491E59B53D00F24FDB /* Build configuration list for PBXProject "SwiftLabb1" */ = {
			isa = XCConfigurationList;
			buildConfigurations = (
				D6680F5E1E59B53D00F24FDB /* Debug */,
				D6680F5F1E59B53D00F24FDB /* Release */,
			);
			defaultConfigurationIsVisible = 0;
			defaultConfigurationName = Release;
		};
		D6680F601E59B53D00F24FDB /* Build configuration list for PBXNativeTarget "SwiftLabb1" */ = {
			isa = XCConfigurationList;
			buildConfigurations = (
				D6680F611E59B53D00F24FDB /* Debug */,
				D6680F621E59B53D00F24FDB /* Release */,
			);
			defaultConfigurationIsVisible = 0;
			defaultConfigurationName = Release;
		};
/* End XCConfigurationList section */
	};
	rootObject = D6680F461E59B53D00F24FDB /* Project object */;
}
